
Microsoft Visual Studio Solution File, Format Version 12.00
# Visual Studio Version 17
VisualStudioVersion = 17.13.35806.99 d17.13
MinimumVisualStudioVersion = 10.0.40219.1
Project("{FAE04EC0-301F-11D3-BF4B-00C04F79EFBC}") = "TCPServer", "TCPServer.csproj", "{D07AF46B-BE02-41F0-9818-6C9947669075}"
EndProject
Global
	GlobalSection(SolutionConfigurationPlatforms) = preSolution
		Debug|Any CPU = Debug|Any CPU
		Release|Any CPU = Release|Any CPU
	EndGlobalSection
	GlobalSection(ProjectConfigurationPlatforms) = postSolution
		{D07AF46B-BE02-41F0-9818-6C9947669075}.Debug|Any CPU.ActiveCfg = Debug|Any CPU
		{D07AF46B-BE02-41F0-9818-6C9947669075}.Debug|Any CPU.Build.0 = Debug|Any CPU
		{D07AF46B-BE02-41F0-9818-6C9947669075}.Release|Any CPU.ActiveCfg = Release|Any CPU
		{D07AF46B-BE02-41F0-9818-6C9947669075}.Release|Any CPU.Build.0 = Release|Any CPU
	EndGlobalSection
	GlobalSection(SolutionProperties) = preSolution
		HideSolutionNode = FALSE
	EndGlobalSection
	GlobalSection(ExtensibilityGlobals) = postSolution
		SolutionGuid = {EDBC96F4-7425-427E-8354-8C96DFAEDECF}
	EndGlobalSection
EndGlobal
